{
    "_readme": [
        "This file locks the dependencies of your project to a known state",
        "Read more about it at https://getcomposer.org/doc/01-basic-usage.md#composer-lock-the-lock-file",
        "This file is @generated automatically"
    ],
    "content-hash": "e635dd4a1749eea9f1cc6623fa878f63",
    "packages": [
        {
            "name": "carica/phpcss",
            "version": "0.4.0",
            "source": {
                "type": "git",
                "url": "https://github.com/ThomasWeinert/PhpCss.git",
                "reference": "1e044684052d9456eaabbe796a10165e04614f79"
            },
            "dist": {
                "type": "zip",
                "url": "https://api.github.com/repos/ThomasWeinert/PhpCss/zipball/1e044684052d9456eaabbe796a10165e04614f79",
                "reference": "1e044684052d9456eaabbe796a10165e04614f79",
                "shasum": ""
            },
            "require": {
                "php": ">=5.5"
            },
            "type": "library",
            "autoload": {
                "psr-4": {
                    "PhpCss\\": "src/PhpCss"
                },
                "files": [
                    "src/PhpCss.php"
                ]
            },
            "notification-url": "https://packagist.org/downloads/",
            "license": [
                "MIT license"
            ],
            "authors": [
                {
                    "name": "Thomas Weinert",
                    "email": "thomas@weinert.info"
                }
            ],
            "description": "An css selector parser and converter",
            "time": "2016-08-09T11:48:58+00:00"
        },
        {
            "name": "fluentdom/fluentdom",
            "version": "6.2.0",
            "source": {
                "type": "git",
                "url": "https://github.com/FluentDOM/FluentDOM.git",
                "reference": "32063e121ebbb0bd2fdf21a273a8e0184aba59e7"
            },
            "dist": {
                "type": "zip",
                "url": "https://api.github.com/repos/FluentDOM/FluentDOM/zipball/32063e121ebbb0bd2fdf21a273a8e0184aba59e7",
                "reference": "32063e121ebbb0bd2fdf21a273a8e0184aba59e7",
                "shasum": ""
            },
            "require": {
                "ext-dom": "*",
                "php": ">=5.6.0"
            },
            "suggest": {
                "fluentdom/css-selector": "Allows to use css selectors."
            },
            "type": "library",
            "autoload": {
                "files": [
                    "src/FluentDOM.php"
                ],
                "psr-4": {
                    "FluentDOM\\": "src/FluentDOM"
                }
            },
            "notification-url": "https://packagist.org/downloads/",
            "license": [
                "MIT"
            ],
            "authors": [
                {
                    "name": "FluentDOM Contributors",
                    "homepage": "https://github.com/FluentDOM/FluentDOM/contributors"
                }
            ],
            "description": "A fluent api for the php dom extension.",
            "homepage": "http://fluentdom.org",
            "keywords": [
                "Xpath",
                "dom",
                "jquery",
                "xml"
            ],
            "time": "2017-07-29T17:49:41+00:00"
        }
    ],
    "packages-dev": [],
    "aliases": [],
    "minimum-stability": "stable",
    "stability-flags": [],
    "prefer-stable": false,
    "prefer-lowest": false,
    "platform": [],
    "platform-dev": [],
    "platform-overrides": {
        "php": "5.6"
    }
}
