{
    "_readme": [
        "This file locks the dependencies of your project to a known state",
        "Read more about it at https://getcomposer.org/doc/01-basic-usage.md#installing-dependencies",
        "This file is @generated automatically"
    ],
    "content-hash": "99389b3b224bcd8cbc42e5f050354828",
    "packages": [
        {
            "name": "carica/phpcss",
            "version": "2.0.0",
            "source": {
                "type": "git",
                "url": "https://github.com/ThomasWeinert/PhpCss.git",
                "reference": "944cdd0cf21655ceb1bd3262dee9b33602020c09"
            },
            "dist": {
                "type": "zip",
                "url": "https://api.github.com/repos/ThomasWeinert/PhpCss/zipball/944cdd0cf21655ceb1bd3262dee9b33602020c09",
                "reference": "944cdd0cf21655ceb1bd3262dee9b33602020c09",
                "shasum": ""
            },
            "require": {
                "php": ">=7.2"
            },
            "type": "library",
            "autoload": {
                "psr-4": {
                    "PhpCss\\": "src/PhpCss"
                },
                "files": [
                    "src/PhpCss.php"
                ]
            },
            "notification-url": "https://packagist.org/downloads/",
            "license": [
                "MIT"
            ],
            "authors": [
                {
                    "name": "Thomas Weinert",
                    "email": "thomas@weinert.info"
                }
            ],
            "description": "An css selector parser and converter",
            "support": {
                "issues": "https://github.com/ThomasWeinert/PhpCss/issues",
                "source": "https://github.com/ThomasWeinert/PhpCss/tree/2.0.0"
            },
            "time": "2021-04-25T14:14:13+00:00"
        },
        {
            "name": "fluentdom/fluentdom",
            "version": "8.0.0",
            "source": {
                "type": "git",
                "url": "https://github.com/ThomasWeinert/FluentDOM.git",
                "reference": "22ee56352bb5fd0bc41ccf7906780aabc2bccf33"
            },
            "dist": {
                "type": "zip",
                "url": "https://api.github.com/repos/ThomasWeinert/FluentDOM/zipball/22ee56352bb5fd0bc41ccf7906780aabc2bccf33",
                "reference": "22ee56352bb5fd0bc41ccf7906780aabc2bccf33",
                "shasum": ""
            },
            "require": {
                "ext-dom": "*",
                "ext-libxml": "*",
                "php": "~7.2 || ~8.0"
            },
            "require-dev": {
                "ext-simplexml": "*",
                "ext-xmlreader": "*",
                "ext-xmlwriter": "*"
            },
            "suggest": {
                "ext-json": "JSON support, needed for several loaders/serializers",
                "ext-xmlreader": "XMLReader, XML pull parser, read large XMLs",
                "ext-xmlwriter": "XMLWriter, Write large XMLs",
                "fluentdom/css-selector": "Allows to use css selectors."
            },
            "type": "library",
            "autoload": {
                "files": [
                    "src/FluentDOM.php"
                ],
                "psr-4": {
                    "FluentDOM\\": "src/FluentDOM"
                }
            },
            "notification-url": "https://packagist.org/downloads/",
            "license": [
                "MIT"
            ],
            "authors": [
                {
                    "name": "FluentDOM Contributors",
                    "homepage": "https://github.com/FluentDOM/FluentDOM/contributors"
                }
            ],
            "description": "A fluent api for the php dom extension.",
            "homepage": "http://fluentdom.org",
            "keywords": [
                "XMLReader",
                "XMLWriter",
                "Xpath",
                "dom",
                "jquery",
                "xml"
            ],
            "support": {
                "issues": "https://github.com/ThomasWeinert/FluentDOM/issues",
                "source": "https://github.com/ThomasWeinert/FluentDOM/tree/8.0.0"
            },
            "time": "2021-04-18T18:12:11+00:00"
        }
    ],
    "packages-dev": [],
    "aliases": [],
    "minimum-stability": "stable",
    "stability-flags": [],
    "prefer-stable": false,
    "prefer-lowest": false,
    "platform": [],
    "platform-dev": [],
    "platform-overrides": {
        "php": "7.2"
    },
    "plugin-api-version": "2.0.0"
}
